
Microsoft Visual Studio Solution File, Format Version 12.00
# Visual Studio Version 17
VisualStudioVersion = 17.0.31903.59
MinimumVisualStudioVersion = 10.0.40219.1
Project("{2150E333-8FDC-42A3-9474-1A3956D46DE8}") = "src", "src", "{827E0CD3-B72D-47B6-A68D-7590B98EB39B}"
EndProject
Project("{FAE04EC0-301F-11D3-BF4B-00C04F79EFBC}") = "CodeNav.Core", "src\CodeNav.Core\CodeNav.Core.csproj", "{5C3B33B3-53DB-4EAD-AAAC-251C8FD1A5C9}"
EndProject
Project("{FAE04EC0-301F-11D3-BF4B-00C04F79EFBC}") = "CodeNav.Mcp", "src\CodeNav.Mcp\CodeNav.Mcp.csproj", "{B027CD3C-28C9-41C3-9A5B-ED85CA92B32B}"
EndProject
Project("{FAE04EC0-301F-11D3-BF4B-00C04F79EFBC}") = "CodeNav.WorkspaceGen", "src\CodeNav.WorkspaceGen\CodeNav.WorkspaceGen.csproj", "{6DC92AE4-B55E-4907-99DB-DB8169847AC9}"
EndProject
Project("{FAE04EC0-301F-11D3-BF4B-00C04F79EFBC}") = "CodeNav.Bench", "src\CodeNav.Bench\CodeNav.Bench.csproj", "{9E09F4B2-0E63-455B-A9D8-FC8A03D44E69}"
EndProject
Project("{FAE04EC0-301F-11D3-BF4B-00C04F79EFBC}") = "CodeNav.Tests", "tests\CodeNav.Tests\CodeNav.Tests.csproj", "{6E72BF4B-BA4A-4751-A756-7C0E4BD58442}"
EndProject
Project("{2150E333-8FDC-42A3-9474-1A3956D46DE8}") = "tests", "tests", "{0AB3BF05-4346-4AA6-1389-037BE0695223}"
EndProject
Project("{FAE04EC0-301F-11D3-BF4B-00C04F79EFBC}") = "CodeNav.IndexTests", "tests\CodeNav.IndexTests\CodeNav.IndexTests.csproj", "{E3DECE84-6227-4EA3-B095-4A576643333D}"
EndProject
Project("{FAE04EC0-301F-11D3-BF4B-00C04F79EFBC}") = "CodeNav.GitTests", "tests\CodeNav.GitTests\CodeNav.GitTests.csproj", "{D768D804-BC94-4B2C-8366-789B9CE071D5}"
EndProject
Project("{FAE04EC0-301F-11D3-BF4B-00C04F79EFBC}") = "CodeNav.WatcherTests", "tests\CodeNav.WatcherTests\CodeNav.WatcherTests.csproj", "{A04E0191-3E00-4F1A-BB8B-EDEA22176540}"
EndProject
Project("{FAE04EC0-301F-11D3-BF4B-00C04F79EFBC}") = "CodeNav.LifecycleTests", "tests\CodeNav.LifecycleTests\CodeNav.LifecycleTests.csproj", "{7E46800A-4D31-43B8-B761-76573D05EDFA}"
EndProject
Global
	GlobalSection(SolutionConfigurationPlatforms) = preSolution
		Debug|Any CPU = Debug|Any CPU
		Debug|x64 = Debug|x64
		Debug|x86 = Debug|x86
		Release|Any CPU = Release|Any CPU
		Release|x64 = Release|x64
		Release|x86 = Release|x86
	EndGlobalSection
	GlobalSection(ProjectConfigurationPlatforms) = postSolution
		{5C3B33B3-53DB-4EAD-AAAC-251C8FD1A5C9}.Debug|Any CPU.ActiveCfg = Debug|Any CPU
		{5C3B33B3-53DB-4EAD-AAAC-251C8FD1A5C9}.Debug|Any CPU.Build.0 = Debug|Any CPU
		{5C3B33B3-53DB-4EAD-AAAC-251C8FD1A5C9}.Debug|x64.ActiveCfg = Debug|Any CPU
		{5C3B33B3-53DB-4EAD-AAAC-251C8FD1A5C9}.Debug|x64.Build.0 = Debug|Any CPU
		{5C3B33B3-53DB-4EAD-AAAC-251C8FD1A5C9}.Debug|x86.ActiveCfg = Debug|Any CPU
		{5C3B33B3-53DB-4EAD-AAAC-251C8FD1A5C9}.Debug|x86.Build.0 = Debug|Any CPU
		{5C3B33B3-53DB-4EAD-AAAC-251C8FD1A5C9}.Release|Any CPU.ActiveCfg = Release|Any CPU
		{5C3B33B3-53DB-4EAD-AAAC-251C8FD1A5C9}.Release|Any CPU.Build.0 = Release|Any CPU
		{5C3B33B3-53DB-4EAD-AAAC-251C8FD1A5C9}.Release|x64.ActiveCfg = Release|Any CPU
		{5C3B33B3-53DB-4EAD-AAAC-251C8FD1A5C9}.Release|x64.Build.0 = Release|Any CPU
		{5C3B33B3-53DB-4EAD-AAAC-251C8FD1A5C9}.Release|x86.ActiveCfg = Release|Any CPU
		{5C3B33B3-53DB-4EAD-AAAC-251C8FD1A5C9}.Release|x86.Build.0 = Release|Any CPU
		{B027CD3C-28C9-41C3-9A5B-ED85CA92B32B}.Debug|Any CPU.ActiveCfg = Debug|Any CPU
		{B027CD3C-28C9-41C3-9A5B-ED85CA92B32B}.Debug|Any CPU.Build.0 = Debug|Any CPU
		{B027CD3C-28C9-41C3-9A5B-ED85CA92B32B}.Debug|x64.ActiveCfg = Debug|Any CPU
		{B027CD3C-28C9-41C3-9A5B-ED85CA92B32B}.Debug|x64.Build.0 = Debug|Any CPU
		{B027CD3C-28C9-41C3-9A5B-ED85CA92B32B}.Debug|x86.ActiveCfg = Debug|Any CPU
		{B027CD3C-28C9-41C3-9A5B-ED85CA92B32B}.Debug|x86.Build.0 = Debug|Any CPU
		{B027CD3C-28C9-41C3-9A5B-ED85CA92B32B}.Release|Any CPU.ActiveCfg = Release|Any CPU
		{B027CD3C-28C9-41C3-9A5B-ED85CA92B32B}.Release|Any CPU.Build.0 = Release|Any CPU
		{B027CD3C-28C9-41C3-9A5B-ED85CA92B32B}.Release|x64.ActiveCfg = Release|Any CPU
		{B027CD3C-28C9-41C3-9A5B-ED85CA92B32B}.Release|x64.Build.0 = Release|Any CPU
		{B027CD3C-28C9-41C3-9A5B-ED85CA92B32B}.Release|x86.ActiveCfg = Release|Any CPU
		{B027CD3C-28C9-41C3-9A5B-ED85CA92B32B}.Release|x86.Build.0 = Release|Any CPU
		{6DC92AE4-B55E-4907-99DB-DB8169847AC9}.Debug|Any CPU.ActiveCfg = Debug|Any CPU
		{6DC92AE4-B55E-4907-99DB-DB8169847AC9}.Debug|Any CPU.Build.0 = Debug|Any CPU
		{6DC92AE4-B55E-4907-99DB-DB8169847AC9}.Debug|x64.ActiveCfg = Debug|Any CPU
		{6DC92AE4-B55E-4907-99DB-DB8169847AC9}.Debug|x64.Build.0 = Debug|Any CPU
		{6DC92AE4-B55E-4907-99DB-DB8169847AC9}.Debug|x86.ActiveCfg = Debug|Any CPU
		{6DC92AE4-B55E-4907-99DB-DB8169847AC9}.Debug|x86.Build.0 = Debug|Any CPU
		{6DC92AE4-B55E-4907-99DB-DB8169847AC9}.Release|Any CPU.ActiveCfg = Release|Any CPU
		{6DC92AE4-B55E-4907-99DB-DB8169847AC9}.Release|Any CPU.Build.0 = Release|Any CPU
		{6DC92AE4-B55E-4907-99DB-DB8169847AC9}.Release|x64.ActiveCfg = Release|Any CPU
		{6DC92AE4-B55E-4907-99DB-DB8169847AC9}.Release|x64.Build.0 = Release|Any CPU
		{6DC92AE4-B55E-4907-99DB-DB8169847AC9}.Release|x86.ActiveCfg = Release|Any CPU
		{6DC92AE4-B55E-4907-99DB-DB8169847AC9}.Release|x86.Build.0 = Release|Any CPU
		{9E09F4B2-0E63-455B-A9D8-FC8A03D44E69}.Debug|Any CPU.ActiveCfg = Debug|Any CPU
		{9E09F4B2-0E63-455B-A9D8-FC8A03D44E69}.Debug|Any CPU.Build.0 = Debug|Any CPU
		{9E09F4B2-0E63-455B-A9D8-FC8A03D44E69}.Debug|x64.ActiveCfg = Debug|Any CPU
		{9E09F4B2-0E63-455B-A9D8-FC8A03D44E69}.Debug|x64.Build.0 = Debug|Any CPU
		{9E09F4B2-0E63-455B-A9D8-FC8A03D44E69}.Debug|x86.ActiveCfg = Debug|Any CPU
		{9E09F4B2-0E63-455B-A9D8-FC8A03D44E69}.Debug|x86.Build.0 = Debug|Any CPU
		{9E09F4B2-0E63-455B-A9D8-FC8A03D44E69}.Release|Any CPU.ActiveCfg = Release|Any CPU
		{9E09F4B2-0E63-455B-A9D8-FC8A03D44E69}.Release|Any CPU.Build.0 = Release|Any CPU
		{9E09F4B2-0E63-455B-A9D8-FC8A03D44E69}.Release|x64.ActiveCfg = Release|Any CPU
		{9E09F4B2-0E63-455B-A9D8-FC8A03D44E69}.Release|x64.Build.0 = Release|Any CPU
		{9E09F4B2-0E63-455B-A9D8-FC8A03D44E69}.Release|x86.ActiveCfg = Release|Any CPU
		{9E09F4B2-0E63-455B-A9D8-FC8A03D44E69}.Release|x86.Build.0 = Release|Any CPU
		{6E72BF4B-BA4A-4751-A756-7C0E4BD58442}.Debug|Any CPU.ActiveCfg = Debug|Any CPU
		{6E72BF4B-BA4A-4751-A756-7C0E4BD58442}.Debug|Any CPU.Build.0 = Debug|Any CPU
		{6E72BF4B-BA4A-4751-A756-7C0E4BD58442}.Debug|x64.ActiveCfg = Debug|Any CPU
		{6E72BF4B-BA4A-4751-A756-7C0E4BD58442}.Debug|x64.Build.0 = Debug|Any CPU
		{6E72BF4B-BA4A-4751-A756-7C0E4BD58442}.Debug|x86.ActiveCfg = Debug|Any CPU
		{6E72BF4B-BA4A-4751-A756-7C0E4BD58442}.Debug|x86.Build.0 = Debug|Any CPU
		{6E72BF4B-BA4A-4751-A756-7C0E4BD58442}.Release|Any CPU.ActiveCfg = Release|Any CPU
		{6E72BF4B-BA4A-4751-A756-7C0E4BD58442}.Release|Any CPU.Build.0 = Release|Any CPU
		{6E72BF4B-BA4A-4751-A756-7C0E4BD58442}.Release|x64.ActiveCfg = Release|Any CPU
		{6E72BF4B-BA4A-4751-A756-7C0E4BD58442}.Release|x64.Build.0 = Release|Any CPU
		{6E72BF4B-BA4A-4751-A756-7C0E4BD58442}.Release|x86.ActiveCfg = Release|Any CPU
		{6E72BF4B-BA4A-4751-A756-7C0E4BD58442}.Release|x86.Build.0 = Release|Any CPU
		{E3DECE84-6227-4EA3-B095-4A576643333D}.Debug|Any CPU.ActiveCfg = Debug|Any CPU
		{E3DECE84-6227-4EA3-B095-4A576643333D}.Debug|Any CPU.Build.0 = Debug|Any CPU
		{E3DECE84-6227-4EA3-B095-4A576643333D}.Debug|x64.ActiveCfg = Debug|Any CPU
		{E3DECE84-6227-4EA3-B095-4A576643333D}.Debug|x64.Build.0 = Debug|Any CPU
		{E3DECE84-6227-4EA3-B095-4A576643333D}.Debug|x86.ActiveCfg = Debug|Any CPU
		{E3DECE84-6227-4EA3-B095-4A576643333D}.Debug|x86.Build.0 = Debug|Any CPU
		{E3DECE84-6227-4EA3-B095-4A576643333D}.Release|Any CPU.ActiveCfg = Release|Any CPU
		{E3DECE84-6227-4EA3-B095-4A576643333D}.Release|Any CPU.Build.0 = Release|Any CPU
		{E3DECE84-6227-4EA3-B095-4A576643333D}.Release|x64.ActiveCfg = Release|Any CPU
		{E3DECE84-6227-4EA3-B095-4A576643333D}.Release|x64.Build.0 = Release|Any CPU
		{E3DECE84-6227-4EA3-B095-4A576643333D}.Release|x86.ActiveCfg = Release|Any CPU
		{E3DECE84-6227-4EA3-B095-4A576643333D}.Release|x86.Build.0 = Release|Any CPU
		{D768D804-BC94-4B2C-8366-789B9CE071D5}.Debug|Any CPU.ActiveCfg = Debug|Any CPU
		{D768D804-BC94-4B2C-8366-789B9CE071D5}.Debug|Any CPU.Build.0 = Debug|Any CPU
		{D768D804-BC94-4B2C-8366-789B9CE071D5}.Debug|x64.ActiveCfg = Debug|Any CPU
		{D768D804-BC94-4B2C-8366-789B9CE071D5}.Debug|x64.Build.0 = Debug|Any CPU
		{D768D804-BC94-4B2C-8366-789B9CE071D5}.Debug|x86.ActiveCfg = Debug|Any CPU
		{D768D804-BC94-4B2C-8366-789B9CE071D5}.Debug|x86.Build.0 = Debug|Any CPU
		{D768D804-BC94-4B2C-8366-789B9CE071D5}.Release|Any CPU.ActiveCfg = Release|Any CPU
		{D768D804-BC94-4B2C-8366-789B9CE071D5}.Release|Any CPU.Build.0 = Release|Any CPU
		{D768D804-BC94-4B2C-8366-789B9CE071D5}.Release|x64.ActiveCfg = Release|Any CPU
		{D768D804-BC94-4B2C-8366-789B9CE071D5}.Release|x64.Build.0 = Release|Any CPU
		{D768D804-BC94-4B2C-8366-789B9CE071D5}.Release|x86.ActiveCfg = Release|Any CPU
		{D768D804-BC94-4B2C-8366-789B9CE071D5}.Release|x86.Build.0 = Release|Any CPU
		{A04E0191-3E00-4F1A-BB8B-EDEA22176540}.Debug|Any CPU.ActiveCfg = Debug|Any CPU
		{A04E0191-3E00-4F1A-BB8B-EDEA22176540}.Debug|Any CPU.Build.0 = Debug|Any CPU
		{A04E0191-3E00-4F1A-BB8B-EDEA22176540}.Debug|x64.ActiveCfg = Debug|Any CPU
		{A04E0191-3E00-4F1A-BB8B-EDEA22176540}.Debug|x64.Build.0 = Debug|Any CPU
		{A04E0191-3E00-4F1A-BB8B-EDEA22176540}.Debug|x86.ActiveCfg = Debug|Any CPU
		{A04E0191-3E00-4F1A-BB8B-EDEA22176540}.Debug|x86.Build.0 = Debug|Any CPU
		{A04E0191-3E00-4F1A-BB8B-EDEA22176540}.Release|Any CPU.ActiveCfg = Release|Any CPU
		{A04E0191-3E00-4F1A-BB8B-EDEA22176540}.Release|Any CPU.Build.0 = Release|Any CPU
		{A04E0191-3E00-4F1A-BB8B-EDEA22176540}.Release|x64.ActiveCfg = Release|Any CPU
		{A04E0191-3E00-4F1A-BB8B-EDEA22176540}.Release|x64.Build.0 = Release|Any CPU
		{A04E0191-3E00-4F1A-BB8B-EDEA22176540}.Release|x86.ActiveCfg = Release|Any CPU
		{A04E0191-3E00-4F1A-BB8B-EDEA22176540}.Release|x86.Build.0 = Release|Any CPU
		{7E46800A-4D31-43B8-B761-76573D05EDFA}.Debug|Any CPU.ActiveCfg = Debug|Any CPU
		{7E46800A-4D31-43B8-B761-76573D05EDFA}.Debug|Any CPU.Build.0 = Debug|Any CPU
		{7E46800A-4D31-43B8-B761-76573D05EDFA}.Debug|x64.ActiveCfg = Debug|Any CPU
		{7E46800A-4D31-43B8-B761-76573D05EDFA}.Debug|x64.Build.0 = Debug|Any CPU
		{7E46800A-4D31-43B8-B761-76573D05EDFA}.Debug|x86.ActiveCfg = Debug|Any CPU
		{7E46800A-4D31-43B8-B761-76573D05EDFA}.Debug|x86.Build.0 = Debug|Any CPU
		{7E46800A-4D31-43B8-B761-76573D05EDFA}.Release|Any CPU.ActiveCfg = Release|Any CPU
		{7E46800A-4D31-43B8-B761-76573D05EDFA}.Release|Any CPU.Build.0 = Release|Any CPU
		{7E46800A-4D31-43B8-B761-76573D05EDFA}.Release|x64.ActiveCfg = Release|Any CPU
		{7E46800A-4D31-43B8-B761-76573D05EDFA}.Release|x64.Build.0 = Release|Any CPU
		{7E46800A-4D31-43B8-B761-76573D05EDFA}.Release|x86.ActiveCfg = Release|Any CPU
		{7E46800A-4D31-43B8-B761-76573D05EDFA}.Release|x86.Build.0 = Release|Any CPU
	EndGlobalSection
	GlobalSection(SolutionProperties) = preSolution
		HideSolutionNode = FALSE
	EndGlobalSection
	GlobalSection(NestedProjects) = preSolution
		{5C3B33B3-53DB-4EAD-AAAC-251C8FD1A5C9} = {827E0CD3-B72D-47B6-A68D-7590B98EB39B}
		{B027CD3C-28C9-41C3-9A5B-ED85CA92B32B} = {827E0CD3-B72D-47B6-A68D-7590B98EB39B}
		{6DC92AE4-B55E-4907-99DB-DB8169847AC9} = {827E0CD3-B72D-47B6-A68D-7590B98EB39B}
		{9E09F4B2-0E63-455B-A9D8-FC8A03D44E69} = {827E0CD3-B72D-47B6-A68D-7590B98EB39B}
		{6E72BF4B-BA4A-4751-A756-7C0E4BD58442} = {0AB3BF05-4346-4AA6-1389-037BE0695223}
		{E3DECE84-6227-4EA3-B095-4A576643333D} = {0AB3BF05-4346-4AA6-1389-037BE0695223}
		{D768D804-BC94-4B2C-8366-789B9CE071D5} = {0AB3BF05-4346-4AA6-1389-037BE0695223}
		{A04E0191-3E00-4F1A-BB8B-EDEA22176540} = {0AB3BF05-4346-4AA6-1389-037BE0695223}
		{7E46800A-4D31-43B8-B761-76573D05EDFA} = {0AB3BF05-4346-4AA6-1389-037BE0695223}
	EndGlobalSection
EndGlobal
